<?xml version="1.0" encoding="utf-8"?>
<Project ToolsVersion="4.0" xmlns="http://schemas.microsoft.com/developer/msbuild/2003">
  <ItemGroup>
    <Filter Include="Source Files">
      <UniqueIdentifier>{4FC737F1-C7A5-4376-A066-2A32D752A2FF}</UniqueIdentifier>
      <Extensions>cpp;cxx;c;def</Extensions>
    </Filter>
    <Filter Include="Header Files">
      <UniqueIdentifier>{93995380-89BD-4b04-88EB-625FBE52EBFB}</UniqueIdentifier>
      <Extensions>h</Extensions>
    </Filter>
    <Filter Include="Form Files">
      <UniqueIdentifier>{99349809-55BA-4b9d-BF79-8FDBB0286EB3}</UniqueIdentifier>
      <Extensions>ui</Extensions>
    </Filter>
    <Filter Include="Resource Files">
      <UniqueIdentifier>{D9D6E242-F8AF-46E4-B9FD-80ECBC20BA3E}</UniqueIdentifier>
      <Extensions>qrc;*</Extensions>
      <ParseFiles>false</ParseFiles>
    </Filter>
    <Filter Include="Generated Files">
      <UniqueIdentifier>{71ED8ED8-ACB9-4CE9-BBE1-E00B30144E11}</UniqueIdentifier>
      <Extensions>moc;h;cpp</Extensions>
      <SourceControlFiles>False</SourceControlFiles>
    </Filter>
    <Filter Include="Generated Files\Debug">
      <UniqueIdentifier>{8fd98cc5-3094-4254-b9a4-e9ad7d58afa1}</UniqueIdentifier>
      <Extensions>cpp;moc</Extensions>
      <SourceControlFiles>False</SourceControlFiles>
    </Filter>
    <Filter Include="Generated Files\Release">
      <UniqueIdentifier>{ce8c1c5d-874a-4c27-b600-1a8cc9f80172}</UniqueIdentifier>
      <Extensions>cpp;moc</Extensions>
      <SourceControlFiles>False</SourceControlFiles>
    </Filter>
    <Filter Include="nim_audio_cpp">
      <UniqueIdentifier>{80617da5-9a74-4f82-bd46-bebe1a467ae9}</UniqueIdentifier>
    </Filter>
    <Filter Include="nim_http_cpp">
      <UniqueIdentifier>{32257cab-d06d-4544-9f9c-c483e0b6991e}</UniqueIdentifier>
    </Filter>
    <Filter Include="Calendar">
      <UniqueIdentifier>{110d8af2-7ff2-4d90-b29f-5f5797fe467f}</UniqueIdentifier>
    </Filter>
  </ItemGroup>
  <ItemGroup>
    <ClCompile Include="main.cpp">
      <Filter>Source Files</Filter>
    </ClCompile>
    <ClCompile Include="loginwindow.cpp">
      <Filter>Source Files</Filter>
    </ClCompile>
    <ClCompile Include="GeneratedFiles\Debug\moc_loginwindow.cpp">
      <Filter>Generated Files\Debug</Filter>
    </ClCompile>
    <ClCompile Include="GeneratedFiles\Release\moc_loginwindow.cpp">
      <Filter>Generated Files\Release</Filter>
    </ClCompile>
    <ClCompile Include="GeneratedFiles\qrc_loginwindow.cpp">
      <Filter>Generated Files</Filter>
    </ClCompile>
    <ClCompile Include="MToolButton.cpp">
      <Filter>Source Files</Filter>
    </ClCompile>
    <ClCompile Include="GeneratedFiles\Debug\moc_mtoolbutton.cpp">
      <Filter>Generated Files\Debug</Filter>
    </ClCompile>
    <ClCompile Include="GeneratedFiles\Release\moc_mtoolbutton.cpp">
      <Filter>Generated Files\Release</Filter>
    </ClCompile>
    <ClCompile Include="UIButton.cpp">
      <Filter>Source Files</Filter>
    </ClCompile>
    <ClCompile Include="GeneratedFiles\Debug\moc_UIButton.cpp">
      <Filter>Generated Files\Debug</Filter>
    </ClCompile>
    <ClCompile Include="GeneratedFiles\Release\moc_UIButton.cpp">
      <Filter>Generated Files\Release</Filter>
    </ClCompile>
    <ClCompile Include="UIMainwindow.cpp">
      <Filter>Source Files</Filter>
    </ClCompile>
    <ClCompile Include="GeneratedFiles\Debug\moc_UIMainwindow.cpp">
      <Filter>Generated Files\Debug</Filter>
    </ClCompile>
    <ClCompile Include="GeneratedFiles\Release\moc_UIMainwindow.cpp">
      <Filter>Generated Files\Release</Filter>
    </ClCompile>
    <ClCompile Include="course.cpp">
      <Filter>Source Files</Filter>
    </ClCompile>
    <ClCompile Include="UIChatRoom.cpp">
      <Filter>Source Files</Filter>
    </ClCompile>
    <ClCompile Include="GeneratedFiles\Debug\moc_UIChatRoom.cpp">
      <Filter>Generated Files\Debug</Filter>
    </ClCompile>
    <ClCompile Include="GeneratedFiles\Release\moc_UIChatRoom.cpp">
      <Filter>Generated Files\Release</Filter>
    </ClCompile>
    <ClCompile Include="animatedtextbrowser.cpp">
      <Filter>Source Files</Filter>
    </ClCompile>
    <ClCompile Include="GeneratedFiles\Debug\moc_animatedtextbrowser.cpp">
      <Filter>Generated Files\Debug</Filter>
    </ClCompile>
    <ClCompile Include="GeneratedFiles\Release\moc_animatedtextbrowser.cpp">
      <Filter>Generated Files\Release</Filter>
    </ClCompile>
    <ClCompile Include="animatedtextedit.cpp">
      <Filter>Source Files</Filter>
    </ClCompile>
    <ClCompile Include="GeneratedFiles\Debug\moc_animatedtextedit.cpp">
      <Filter>Generated Files\Debug</Filter>
    </ClCompile>
    <ClCompile Include="GeneratedFiles\Release\moc_animatedtextedit.cpp">
      <Filter>Generated Files\Release</Filter>
    </ClCompile>
    <ClCompile Include="myLabel.cpp">
      <Filter>Source Files</Filter>
    </ClCompile>
    <ClCompile Include="GeneratedFiles\Debug\moc_myLabel.cpp">
      <Filter>Generated Files\Debug</Filter>
    </ClCompile>
    <ClCompile Include="GeneratedFiles\Release\moc_myLabel.cpp">
      <Filter>Generated Files\Release</Filter>
    </ClCompile>
    <ClCompile Include="personList.cpp">
      <Filter>Source Files</Filter>
    </ClCompile>
    <ClCompile Include="GeneratedFiles\Debug\moc_personList.cpp">
      <Filter>Generated Files\Debug</Filter>
    </ClCompile>
    <ClCompile Include="GeneratedFiles\Release\moc_personList.cpp">
      <Filter>Generated Files\Release</Filter>
    </ClCompile>
    <ClCompile Include="UIMessageBox.cpp">
      <Filter>Source Files</Filter>
    </ClCompile>
    <ClCompile Include="GeneratedFiles\Debug\moc_UIMessageBox.cpp">
      <Filter>Generated Files\Debug</Filter>
    </ClCompile>
    <ClCompile Include="GeneratedFiles\Release\moc_UIMessageBox.cpp">
      <Filter>Generated Files\Release</Filter>
    </ClCompile>
    <ClCompile Include="myemotionwidget.cpp">
      <Filter>Source Files</Filter>
    </ClCompile>
    <ClCompile Include="GeneratedFiles\Debug\moc_myemotionwidget.cpp">
      <Filter>Generated Files\Debug</Filter>
    </ClCompile>
    <ClCompile Include="GeneratedFiles\Release\moc_myemotionwidget.cpp">
      <Filter>Generated Files\Release</Filter>
    </ClCompile>
    <ClCompile Include="UITalk.cpp">
      <Filter>Source Files</Filter>
    </ClCompile>
    <ClCompile Include="GeneratedFiles\Debug\moc_UITalk.cpp">
      <Filter>Generated Files\Debug</Filter>
    </ClCompile>
    <ClCompile Include="GeneratedFiles\Release\moc_UITalk.cpp">
      <Filter>Generated Files\Release</Filter>
    </ClCompile>
    <ClCompile Include="UITalkRecord.cpp">
      <Filter>Source Files</Filter>
    </ClCompile>
    <ClCompile Include="GeneratedFiles\Debug\moc_UITalkRecord.cpp">
      <Filter>Generated Files\Debug</Filter>
    </ClCompile>
    <ClCompile Include="GeneratedFiles\Release\moc_UITalkRecord.cpp">
      <Filter>Generated Files\Release</Filter>
    </ClCompile>
    <ClCompile Include="UIBtnPix.cpp">
      <Filter>Source Files</Filter>
    </ClCompile>
    <ClCompile Include="GeneratedFiles\Debug\moc_UIBtnPix.cpp">
      <Filter>Generated Files\Debug</Filter>
    </ClCompile>
    <ClCompile Include="GeneratedFiles\Release\moc_UIBtnPix.cpp">
      <Filter>Generated Files\Release</Filter>
    </ClCompile>
    <ClCompile Include="animatedtextbrowserA.cpp">
      <Filter>Source Files</Filter>
    </ClCompile>
    <ClCompile Include="GeneratedFiles\Debug\moc_animatedtextbrowserA.cpp">
      <Filter>Generated Files\Debug</Filter>
    </ClCompile>
    <ClCompile Include="GeneratedFiles\Release\moc_animatedtextbrowserA.cpp">
      <Filter>Generated Files\Release</Filter>
    </ClCompile>
    <ClCompile Include="UIBtnAudio.cpp">
      <Filter>Source Files</Filter>
    </ClCompile>
    <ClCompile Include="GeneratedFiles\Debug\moc_UIBtnAudio.cpp">
      <Filter>Generated Files\Debug</Filter>
    </ClCompile>
    <ClCompile Include="GeneratedFiles\Release\moc_UIBtnAudio.cpp">
      <Filter>Generated Files\Release</Filter>
    </ClCompile>
    <ClCompile Include="myemotionitemwidget.cpp">
      <Filter>Source Files</Filter>
    </ClCompile>
    <ClCompile Include="GeneratedFiles\Debug\moc_myemotionitemwidget.cpp">
      <Filter>Generated Files\Debug</Filter>
    </ClCompile>
    <ClCompile Include="GeneratedFiles\Release\moc_myemotionitemwidget.cpp">
      <Filter>Generated Files\Release</Filter>
    </ClCompile>
    <ClCompile Include="member.cpp">
      <Filter>Source Files</Filter>
    </ClCompile>
    <ClCompile Include="zoom_image.cpp">
      <Filter>Source Files</Filter>
    </ClCompile>
    <ClCompile Include="personListBuddy.cpp">
      <Filter>Source Files</Filter>
    </ClCompile>
    <ClCompile Include="GeneratedFiles\Debug\moc_personListBuddy.cpp">
      <Filter>Generated Files\Debug</Filter>
    </ClCompile>
    <ClCompile Include="GeneratedFiles\Release\moc_personListBuddy.cpp">
      <Filter>Generated Files\Release</Filter>
    </ClCompile>
    <ClCompile Include="UIAudioBar.cpp">
      <Filter>Source Files</Filter>
    </ClCompile>
    <ClCompile Include="GeneratedFiles\Debug\moc_UIAudioBar.cpp">
      <Filter>Generated Files\Debug</Filter>
    </ClCompile>
    <ClCompile Include="GeneratedFiles\Release\moc_UIAudioBar.cpp">
      <Filter>Generated Files\Release</Filter>
    </ClCompile>
    <ClCompile Include="UIWindowSet.cpp">
      <Filter>Source Files</Filter>
    </ClCompile>
    <ClCompile Include="GeneratedFiles\Release\moc_UIWindowSet.cpp">
      <Filter>Generated Files\Release</Filter>
    </ClCompile>
    <ClCompile Include="UITags.cpp">
      <Filter>Source Files</Filter>
    </ClCompile>
    <ClCompile Include="GeneratedFiles\Debug\moc_UITags.cpp">
      <Filter>Generated Files\Debug</Filter>
    </ClCompile>
    <ClCompile Include="GeneratedFiles\Release\moc_UITags.cpp">
      <Filter>Generated Files\Release</Filter>
    </ClCompile>
    <ClCompile Include="UIAuxiliarywnd.cpp">
      <Filter>Source Files</Filter>
    </ClCompile>
    <ClCompile Include="GeneratedFiles\Debug\moc_UIAuxiliarywnd.cpp">
      <Filter>Generated Files\Debug</Filter>
    </ClCompile>
    <ClCompile Include="GeneratedFiles\Release\moc_UIAuxiliarywnd.cpp">
      <Filter>Generated Files\Release</Filter>
    </ClCompile>
    <ClCompile Include="UIAuxiliarylist.cpp">
      <Filter>Source Files</Filter>
    </ClCompile>
    <ClCompile Include="GeneratedFiles\Debug\moc_UIAuxiliarylist.cpp">
      <Filter>Generated Files\Debug</Filter>
    </ClCompile>
    <ClCompile Include="GeneratedFiles\Release\moc_UIAuxiliarylist.cpp">
      <Filter>Generated Files\Release</Filter>
    </ClCompile>
    <ClCompile Include="UIAuxiliarytoday.cpp">
      <Filter>Source Files</Filter>
    </ClCompile>
    <ClCompile Include="GeneratedFiles\Debug\moc_UIAuxiliarytoday.cpp">
      <Filter>Generated Files\Debug</Filter>
    </ClCompile>
    <ClCompile Include="GeneratedFiles\Release\moc_UIAuxiliarytoday.cpp">
      <Filter>Generated Files\Release</Filter>
    </ClCompile>
    <ClCompile Include="lesson.cpp">
      <Filter>Source Files</Filter>
    </ClCompile>
    <ClCompile Include="UINoticewnd.cpp">
      <Filter>Source Files</Filter>
    </ClCompile>
    <ClCompile Include="GeneratedFiles\Debug\moc_UINoticewnd.cpp">
      <Filter>Generated Files\Debug</Filter>
    </ClCompile>
    <ClCompile Include="GeneratedFiles\Release\moc_UINoticewnd.cpp">
      <Filter>Generated Files\Release</Filter>
    </ClCompile>
    <ClCompile Include="UICoursewnd.cpp">
      <Filter>Source Files</Filter>
    </ClCompile>
    <ClCompile Include="GeneratedFiles\Debug\moc_UICoursewnd.cpp">
      <Filter>Generated Files\Debug</Filter>
    </ClCompile>
    <ClCompile Include="GeneratedFiles\Release\moc_UICoursewnd.cpp">
      <Filter>Generated Files\Release</Filter>
    </ClCompile>
    <ClCompile Include="UIPersonwnd.cpp">
      <Filter>Source Files</Filter>
    </ClCompile>
    <ClCompile Include="GeneratedFiles\Debug\moc_UIPersonwnd.cpp">
      <Filter>Generated Files\Debug</Filter>
    </ClCompile>
    <ClCompile Include="GeneratedFiles\Release\moc_UIPersonwnd.cpp">
      <Filter>Generated Files\Release</Filter>
    </ClCompile>
    <ClCompile Include="UILabel.cpp">
      <Filter>Source Files</Filter>
    </ClCompile>
    <ClCompile Include="GeneratedFiles\Debug\moc_UILabel.cpp">
      <Filter>Generated Files\Debug</Filter>
    </ClCompile>
    <ClCompile Include="GeneratedFiles\Release\moc_UILabel.cpp">
      <Filter>Generated Files\Release</Filter>
    </ClCompile>
    <ClCompile Include="UIBtnPic.cpp">
      <Filter>Source Files</Filter>
    </ClCompile>
    <ClCompile Include="GeneratedFiles\Debug\moc_UIBtnPic.cpp">
      <Filter>Generated Files\Debug</Filter>
    </ClCompile>
    <ClCompile Include="GeneratedFiles\Release\moc_UIBtnPic.cpp">
      <Filter>Generated Files\Release</Filter>
    </ClCompile>
    <ClCompile Include="UILessonlist.cpp">
      <Filter>Source Files</Filter>
    </ClCompile>
    <ClCompile Include="GeneratedFiles\Debug\moc_UILessonlist.cpp">
      <Filter>Generated Files\Debug</Filter>
    </ClCompile>
    <ClCompile Include="GeneratedFiles\Release\moc_UILessonlist.cpp">
      <Filter>Generated Files\Release</Filter>
    </ClCompile>
    <ClCompile Include="UILessonbuddy.cpp">
      <Filter>Source Files</Filter>
    </ClCompile>
    <ClCompile Include="GeneratedFiles\Debug\moc_UILessonbuddy.cpp">
      <Filter>Generated Files\Debug</Filter>
    </ClCompile>
    <ClCompile Include="GeneratedFiles\Release\moc_UILessonbuddy.cpp">
      <Filter>Generated Files\Release</Filter>
    </ClCompile>
    <ClCompile Include="UIWorkThread.cpp">
      <Filter>Source Files</Filter>
    </ClCompile>
    <ClCompile Include="GeneratedFiles\Debug\moc_UIWorkThread.cpp">
      <Filter>Generated Files\Debug</Filter>
    </ClCompile>
    <ClCompile Include="GeneratedFiles\Release\moc_UIWorkThread.cpp">
      <Filter>Generated Files\Release</Filter>
    </ClCompile>
    <ClCompile Include="UIBoardview.cpp">
      <Filter>Source Files</Filter>
    </ClCompile>
    <ClCompile Include="GeneratedFiles\Debug\moc_UIBoardview.cpp">
      <Filter>Generated Files\Debug</Filter>
    </ClCompile>
    <ClCompile Include="GeneratedFiles\Release\moc_UIBoardview.cpp">
      <Filter>Generated Files\Release</Filter>
    </ClCompile>
    <ClCompile Include="UIMenu.cpp">
      <Filter>Source Files</Filter>
    </ClCompile>
    <ClCompile Include="GeneratedFiles\Debug\moc_UIMenu.cpp">
      <Filter>Generated Files\Debug</Filter>
    </ClCompile>
    <ClCompile Include="GeneratedFiles\Release\moc_UIMenu.cpp">
      <Filter>Generated Files\Release</Filter>
    </ClCompile>
    <ClCompile Include="nim_sdk\nim_tools_cpp_sdk\nim_audio_cpp\nim_audio_cpp.cpp">
      <Filter>nim_audio_cpp</Filter>
    </ClCompile>
    <ClCompile Include="nim_sdk\nim_tools_cpp_sdk\nim_http_cpp\nim_tools_http_cpp.cpp">
      <Filter>nim_http_cpp</Filter>
    </ClCompile>
    <ClCompile Include="1v1\palette.cpp">
      <Filter>Source Files</Filter>
    </ClCompile>
    <ClCompile Include="GeneratedFiles\Debug\moc_palette.cpp">
      <Filter>Generated Files\Debug</Filter>
    </ClCompile>
    <ClCompile Include="GeneratedFiles\Release\moc_palette.cpp">
      <Filter>Generated Files\Release</Filter>
    </ClCompile>
    <ClCompile Include="1v1\UIAppWnd.cpp">
      <Filter>Source Files</Filter>
    </ClCompile>
    <ClCompile Include="GeneratedFiles\Debug\moc_UIAppWnd.cpp">
      <Filter>Generated Files\Debug</Filter>
    </ClCompile>
    <ClCompile Include="GeneratedFiles\Release\moc_UIAppWnd.cpp">
      <Filter>Generated Files\Release</Filter>
    </ClCompile>
    <ClCompile Include="1v1\UIAppWndTool.cpp">
      <Filter>Source Files</Filter>
    </ClCompile>
    <ClCompile Include="GeneratedFiles\Debug\moc_UIAppWndTool.cpp">
      <Filter>Generated Files\Debug</Filter>
    </ClCompile>
    <ClCompile Include="GeneratedFiles\Release\moc_UIAppWndTool.cpp">
      <Filter>Generated Files\Release</Filter>
    </ClCompile>
    <ClCompile Include="1v1\UIAudiochange1v1.cpp">
      <Filter>Source Files</Filter>
    </ClCompile>
    <ClCompile Include="GeneratedFiles\Debug\moc_UIAudiochange1v1.cpp">
      <Filter>Generated Files\Debug</Filter>
    </ClCompile>
    <ClCompile Include="GeneratedFiles\Release\moc_UIAudiochange1v1.cpp">
      <Filter>Generated Files\Release</Filter>
    </ClCompile>
    <ClCompile Include="1v1\UIAudioOutchange1v1.cpp">
      <Filter>Source Files</Filter>
    </ClCompile>
    <ClCompile Include="GeneratedFiles\Debug\moc_UIAudioOutchange1v1.cpp">
      <Filter>Generated Files\Debug</Filter>
    </ClCompile>
    <ClCompile Include="GeneratedFiles\Release\moc_UIAudioOutchange1v1.cpp">
      <Filter>Generated Files\Release</Filter>
    </ClCompile>
    <ClCompile Include="1v1\UICamera1v1.cpp">
      <Filter>Source Files</Filter>
    </ClCompile>
    <ClCompile Include="GeneratedFiles\Debug\moc_UICamera1v1.cpp">
      <Filter>Generated Files\Debug</Filter>
    </ClCompile>
    <ClCompile Include="GeneratedFiles\Release\moc_UICamera1v1.cpp">
      <Filter>Generated Files\Release</Filter>
    </ClCompile>
    <ClCompile Include="1v1\UICameraS1v1.cpp">
      <Filter>Source Files</Filter>
    </ClCompile>
    <ClCompile Include="GeneratedFiles\Debug\moc_UICameraS1v1.cpp">
      <Filter>Generated Files\Debug</Filter>
    </ClCompile>
    <ClCompile Include="GeneratedFiles\Release\moc_UICameraS1v1.cpp">
      <Filter>Generated Files\Release</Filter>
    </ClCompile>
    <ClCompile Include="1v1\UIVideo1v1.cpp">
      <Filter>Source Files</Filter>
    </ClCompile>
    <ClCompile Include="GeneratedFiles\Debug\moc_UIVideo1v1.cpp">
      <Filter>Generated Files\Debug</Filter>
    </ClCompile>
    <ClCompile Include="GeneratedFiles\Release\moc_UIVideo1v1.cpp">
      <Filter>Generated Files\Release</Filter>
    </ClCompile>
    <ClCompile Include="1v1\UIVideochange1v1.cpp">
      <Filter>Source Files</Filter>
    </ClCompile>
    <ClCompile Include="GeneratedFiles\Debug\moc_UIVideochange1v1.cpp">
      <Filter>Generated Files\Debug</Filter>
    </ClCompile>
    <ClCompile Include="GeneratedFiles\Release\moc_UIVideochange1v1.cpp">
      <Filter>Generated Files\Release</Filter>
    </ClCompile>
    <ClCompile Include="1v1\UIWhiteBoardTool.cpp">
      <Filter>Source Files</Filter>
    </ClCompile>
    <ClCompile Include="GeneratedFiles\Debug\moc_UIWhiteBoardTool.cpp">
      <Filter>Generated Files\Debug</Filter>
    </ClCompile>
    <ClCompile Include="GeneratedFiles\Release\moc_UIWhiteBoardTool.cpp">
      <Filter>Generated Files\Release</Filter>
    </ClCompile>
    <ClCompile Include="1v1\IMInterface.cpp">
      <Filter>Source Files</Filter>
    </ClCompile>
    <ClCompile Include="GeneratedFiles\Debug\moc_IMInterface.cpp">
      <Filter>Generated Files\Debug</Filter>
    </ClCompile>
    <ClCompile Include="GeneratedFiles\Release\moc_IMInterface.cpp">
      <Filter>Generated Files\Release</Filter>
    </ClCompile>
    <ClCompile Include="1v1\UIBtnApp.cpp">
      <Filter>Source Files</Filter>
    </ClCompile>
    <ClCompile Include="GeneratedFiles\Debug\moc_UIBtnApp.cpp">
      <Filter>Generated Files\Debug</Filter>
    </ClCompile>
    <ClCompile Include="GeneratedFiles\Release\moc_UIBtnApp.cpp">
      <Filter>Generated Files\Release</Filter>
    </ClCompile>
    <ClCompile Include="1v1\colorpicker.cpp">
      <Filter>Source Files</Filter>
    </ClCompile>
    <ClCompile Include="GeneratedFiles\Debug\moc_colorpicker.cpp">
      <Filter>Generated Files\Debug</Filter>
    </ClCompile>
    <ClCompile Include="GeneratedFiles\Release\moc_colorpicker.cpp">
      <Filter>Generated Files\Release</Filter>
    </ClCompile>
    <ClCompile Include="1v1\shape.cpp">
      <Filter>Source Files</Filter>
    </ClCompile>
    <ClCompile Include="GeneratedFiles\Debug\moc_shape.cpp">
      <Filter>Generated Files\Debug</Filter>
    </ClCompile>
    <ClCompile Include="GeneratedFiles\Release\moc_shape.cpp">
      <Filter>Generated Files\Release</Filter>
    </ClCompile>
    <ClCompile Include="1v1\ui1v1.cpp">
      <Filter>Source Files</Filter>
    </ClCompile>
    <ClCompile Include="GeneratedFiles\Debug\moc_ui1v1.cpp">
      <Filter>Generated Files\Debug</Filter>
    </ClCompile>
    <ClCompile Include="GeneratedFiles\Release\moc_ui1v1.cpp">
      <Filter>Generated Files\Release</Filter>
    </ClCompile>
    <ClCompile Include="GeneratedFiles\Debug\moc_UIWindowSet.cpp">
      <Filter>Generated Files\Debug</Filter>
    </ClCompile>
    <ClCompile Include="HttpRequest.cpp">
      <Filter>Source Files</Filter>
    </ClCompile>
    <ClCompile Include="GeneratedFiles\Debug\moc_HttpRequest.cpp">
      <Filter>Generated Files\Debug</Filter>
    </ClCompile>
    <ClCompile Include="GeneratedFiles\Release\moc_HttpRequest.cpp">
      <Filter>Generated Files\Release</Filter>
    </ClCompile>
    <ClCompile Include="UITextEdit.cpp">
      <Filter>Source Files</Filter>
    </ClCompile>
    <ClCompile Include="GeneratedFiles\Debug\moc_UITextEdit.cpp">
      <Filter>Generated Files\Debug</Filter>
    </ClCompile>
    <ClCompile Include="GeneratedFiles\Release\moc_UITextEdit.cpp">
      <Filter>Generated Files\Release</Filter>
    </ClCompile>
    <ClCompile Include="app_dump.cpp">
      <Filter>Source Files</Filter>
    </ClCompile>
    <ClCompile Include="calendar\DefDateTimeEdit.cpp">
      <Filter>Calendar</Filter>
    </ClCompile>
    <ClCompile Include="GeneratedFiles\Debug\moc_DefDateTimeEdit.cpp">
      <Filter>Generated Files\Debug</Filter>
    </ClCompile>
    <ClCompile Include="GeneratedFiles\Release\moc_DefDateTimeEdit.cpp">
      <Filter>Generated Files\Release</Filter>
    </ClCompile>
    <ClCompile Include="calendar\DefineCalendar.cpp">
      <Filter>Calendar</Filter>
    </ClCompile>
    <ClCompile Include="GeneratedFiles\Debug\moc_DefineCalendar.cpp">
      <Filter>Generated Files\Debug</Filter>
    </ClCompile>
    <ClCompile Include="GeneratedFiles\Release\moc_DefineCalendar.cpp">
      <Filter>Generated Files\Release</Filter>
    </ClCompile>
    <ClCompile Include="UIAboutversion.cpp">
      <Filter>Source Files</Filter>
    </ClCompile>
    <ClCompile Include="GeneratedFiles\Debug\moc_UIAboutversion.cpp">
      <Filter>Generated Files\Debug</Filter>
    </ClCompile>
    <ClCompile Include="GeneratedFiles\Release\moc_UIAboutversion.cpp">
      <Filter>Generated Files\Release</Filter>
    </ClCompile>
    <ClCompile Include="ZWeb.cpp">
      <Filter>Source Files</Filter>
    </ClCompile>
    <ClCompile Include="GeneratedFiles\Debug\moc_ZWeb.cpp">
      <Filter>Generated Files\Debug</Filter>
    </ClCompile>
    <ClCompile Include="GeneratedFiles\Release\moc_ZWeb.cpp">
      <Filter>Generated Files\Release</Filter>
    </ClCompile>
  </ItemGroup>
  <ItemGroup>
    <CustomBuild Include="loginwindow.h">
      <Filter>Header Files</Filter>
    </CustomBuild>
    <CustomBuild Include="loginwindow.ui">
      <Filter>Form Files</Filter>
    </CustomBuild>
    <CustomBuild Include="loginwindow.qrc">
      <Filter>Resource Files</Filter>
    </CustomBuild>
    <CustomBuild Include="mtoolbutton.h">
      <Filter>Header Files</Filter>
    </CustomBuild>
    <CustomBuild Include="UIButton.h">
      <Filter>Header Files</Filter>
    </CustomBuild>
    <CustomBuild Include="UIMainwindow.h">
      <Filter>Header Files</Filter>
    </CustomBuild>
    <CustomBuild Include="UIMainwindow.ui">
      <Filter>Form Files</Filter>
    </CustomBuild>
    <CustomBuild Include="UIChatRoom.h">
      <Filter>Header Files</Filter>
    </CustomBuild>
    <CustomBuild Include="UIChatRoom.ui">
      <Filter>Form Files</Filter>
    </CustomBuild>
    <CustomBuild Include="animatedtextbrowser.h">
      <Filter>Header Files</Filter>
    </CustomBuild>
    <CustomBuild Include="animatedtextedit.h">
      <Filter>Header Files</Filter>
    </CustomBuild>
    <CustomBuild Include="myLabel.h">
      <Filter>Header Files</Filter>
    </CustomBuild>
    <CustomBuild Include="personList.h">
      <Filter>Header Files</Filter>
    </CustomBuild>
    <CustomBuild Include="UIMessageBox.h">
      <Filter>Header Files</Filter>
    </CustomBuild>
    <CustomBuild Include="myemotionwidget.h">
      <Filter>Header Files</Filter>
    </CustomBuild>
    <CustomBuild Include="UITalk.h">
      <Filter>Header Files</Filter>
    </CustomBuild>
    <CustomBuild Include="UITalk.ui">
      <Filter>Form Files</Filter>
    </CustomBuild>
    <CustomBuild Include="UITalkRecord.h">
      <Filter>Header Files</Filter>
    </CustomBuild>
    <CustomBuild Include="UITalkRecord.ui">
      <Filter>Form Files</Filter>
    </CustomBuild>
    <CustomBuild Include="UIBtnPix.h">
      <Filter>Header Files</Filter>
    </CustomBuild>
    <CustomBuild Include="animatedtextbrowserA.h">
      <Filter>Header Files</Filter>
    </CustomBuild>
    <CustomBuild Include="UIBtnAudio.h">
      <Filter>Header Files</Filter>
    </CustomBuild>
    <CustomBuild Include="myemotionitemwidget.h">
      <Filter>Header Files</Filter>
    </CustomBuild>
    <CustomBuild Include="personListBuddy.h">
      <Filter>Header Files</Filter>
    </CustomBuild>
    <CustomBuild Include="UIAudioBar.h">
      <Filter>Header Files</Filter>
    </CustomBuild>
    <CustomBuild Include="UIAudioBar.ui">
      <Filter>Form Files</Filter>
    </CustomBuild>
    <CustomBuild Include="UIWindowSet.h">
      <Filter>Header Files</Filter>
    </CustomBuild>
    <CustomBuild Include="UITags.h">
      <Filter>Header Files</Filter>
    </CustomBuild>
    <CustomBuild Include="UITags.ui">
      <Filter>Form Files</Filter>
    </CustomBuild>
    <CustomBuild Include="UIAuxiliarywnd.h">
      <Filter>Header Files</Filter>
    </CustomBuild>
    <CustomBuild Include="UIAuxiliarywnd.ui">
      <Filter>Form Files</Filter>
    </CustomBuild>
    <CustomBuild Include="UIAuxiliarylist.h">
      <Filter>Header Files</Filter>
    </CustomBuild>
    <CustomBuild Include="UIAuxiliarylist.ui">
      <Filter>Form Files</Filter>
    </CustomBuild>
    <CustomBuild Include="UIAuxiliarytoday.h">
      <Filter>Header Files</Filter>
    </CustomBuild>
    <CustomBuild Include="UIAuxiliarytoday.ui">
      <Filter>Form Files</Filter>
    </CustomBuild>
    <CustomBuild Include="UINoticewnd.h">
      <Filter>Header Files</Filter>
    </CustomBuild>
    <CustomBuild Include="UINoticewnd.ui">
      <Filter>Form Files</Filter>
    </CustomBuild>
    <CustomBuild Include="UICoursewnd.h">
      <Filter>Header Files</Filter>
    </CustomBuild>
    <CustomBuild Include="UICoursewnd.ui">
      <Filter>Form Files</Filter>
    </CustomBuild>
    <CustomBuild Include="UIPersonwnd.h">
      <Filter>Header Files</Filter>
    </CustomBuild>
    <CustomBuild Include="UIPersonwnd.ui">
      <Filter>Form Files</Filter>
    </CustomBuild>
    <CustomBuild Include="UILabel.h">
      <Filter>Header Files</Filter>
    </CustomBuild>
    <CustomBuild Include="UIBtnPic.h">
      <Filter>Header Files</Filter>
    </CustomBuild>
    <CustomBuild Include="UILessonlist.h">
      <Filter>Header Files</Filter>
    </CustomBuild>
    <CustomBuild Include="UILessonlist.ui">
      <Filter>Form Files</Filter>
    </CustomBuild>
    <CustomBuild Include="UILessonbuddy.h">
      <Filter>Header Files</Filter>
    </CustomBuild>
    <CustomBuild Include="UILessonbuddy.ui">
      <Filter>Form Files</Filter>
    </CustomBuild>
    <CustomBuild Include="UIWorkThread.h">
      <Filter>Header Files</Filter>
    </CustomBuild>
    <CustomBuild Include="UIBoardview.h">
      <Filter>Header Files</Filter>
    </CustomBuild>
    <CustomBuild Include="UIBoardview.ui">
      <Filter>Form Files</Filter>
    </CustomBuild>
    <CustomBuild Include="UIMenu.h">
      <Filter>Header Files</Filter>
    </CustomBuild>
    <CustomBuild Include="UIMenu.ui">
      <Filter>Form Files</Filter>
    </CustomBuild>
    <CustomBuild Include="1v1\palette.h">
      <Filter>Header Files</Filter>
    </CustomBuild>
    <CustomBuild Include="1v1\palette.ui">
      <Filter>Form Files</Filter>
    </CustomBuild>
    <CustomBuild Include="1v1\UIAppWnd.h">
      <Filter>Header Files</Filter>
    </CustomBuild>
    <CustomBuild Include="1v1\UIAppWnd.ui">
      <Filter>Form Files</Filter>
    </CustomBuild>
    <CustomBuild Include="1v1\UIAppWndTool.h">
      <Filter>Header Files</Filter>
    </CustomBuild>
    <CustomBuild Include="1v1\UIAppWndTool.ui">
      <Filter>Form Files</Filter>
    </CustomBuild>
    <CustomBuild Include="1v1\UIAudiochange1v1.h">
      <Filter>Header Files</Filter>
    </CustomBuild>
    <CustomBuild Include="1v1\UIAudiochange1v1.ui">
      <Filter>Form Files</Filter>
    </CustomBuild>
    <CustomBuild Include="1v1\UIAudioOutchange1v1.h">
      <Filter>Header Files</Filter>
    </CustomBuild>
    <CustomBuild Include="1v1\UIAudioOutchange1v1.ui">
      <Filter>Form Files</Filter>
    </CustomBuild>
    <CustomBuild Include="1v1\UICamera1v1.h">
      <Filter>Header Files</Filter>
    </CustomBuild>
    <CustomBuild Include="1v1\UICamera1v1.ui">
      <Filter>Form Files</Filter>
    </CustomBuild>
    <CustomBuild Include="1v1\UICameraS1v1.h">
      <Filter>Header Files</Filter>
    </CustomBuild>
    <CustomBuild Include="1v1\UICameraS1v1.ui">
      <Filter>Form Files</Filter>
    </CustomBuild>
    <CustomBuild Include="1v1\UIVideo1v1.h">
      <Filter>Header Files</Filter>
    </CustomBuild>
    <CustomBuild Include="1v1\UIVideo1v1.ui">
      <Filter>Form Files</Filter>
    </CustomBuild>
    <CustomBuild Include="1v1\UIVideochange1v1.h">
      <Filter>Header Files</Filter>
    </CustomBuild>
    <CustomBuild Include="1v1\UIVideochange1v1.ui">
      <Filter>Form Files</Filter>
    </CustomBuild>
    <CustomBuild Include="1v1\UIWhiteBoardTool.h">
      <Filter>Header Files</Filter>
    </CustomBuild>
    <CustomBuild Include="1v1\UIWhiteBoardTool.ui">
      <Filter>Form Files</Filter>
    </CustomBuild>
    <CustomBuild Include="1v1\IMInterface.h">
      <Filter>Header Files</Filter>
    </CustomBuild>
    <CustomBuild Include="1v1\UIBtnApp.h">
      <Filter>Header Files</Filter>
    </CustomBuild>
    <CustomBuild Include="1v1\colorpicker.h">
      <Filter>Header Files</Filter>
    </CustomBuild>
    <CustomBuild Include="1v1\colorpicker.ui">
      <Filter>Form Files</Filter>
    </CustomBuild>
    <CustomBuild Include="1v1\shape.h">
      <Filter>Header Files</Filter>
    </CustomBuild>
    <CustomBuild Include="1v1\ui1v1.h">
      <Filter>Header Files</Filter>
    </CustomBuild>
    <CustomBuild Include="1v1\ui1v1.ui">
      <Filter>Form Files</Filter>
    </CustomBuild>
    <CustomBuild Include="UIWindowSet.ui">
      <Filter>Form Files</Filter>
    </CustomBuild>
    <CustomBuild Include="HttpRequest.h">
      <Filter>Header Files</Filter>
    </CustomBuild>
    <CustomBuild Include="UITextEdit.h">
      <Filter>Header Files</Filter>
    </CustomBuild>
    <CustomBuild Include="calendar\DefDateTimeEdit.h">
      <Filter>Calendar</Filter>
    </CustomBuild>
    <CustomBuild Include="calendar\DefineCalendar.h">
      <Filter>Calendar</Filter>
    </CustomBuild>
    <CustomBuild Include="UIAboutversion.h">
      <Filter>Header Files</Filter>
    </CustomBuild>
    <CustomBuild Include="UIAboutversion.ui">
      <Filter>Form Files</Filter>
    </CustomBuild>
    <CustomBuild Include="ZWeb.h">
      <Filter>Header Files</Filter>
    </CustomBuild>
  </ItemGroup>
  <ItemGroup>
    <ClInclude Include="GeneratedFiles\ui_loginwindow.h">
      <Filter>Generated Files</Filter>
    </ClInclude>
    <ClInclude Include="GeneratedFiles\ui_UIMainwindow.h">
      <Filter>Generated Files</Filter>
    </ClInclude>
    <ClInclude Include="course.h">
      <Filter>Header Files</Filter>
    </ClInclude>
    <ClInclude Include="GeneratedFiles\ui_UIChatRoom.h">
      <Filter>Generated Files</Filter>
    </ClInclude>
    <ClInclude Include="GeneratedFiles\ui_UITalk.h">
      <Filter>Generated Files</Filter>
    </ClInclude>
    <ClInclude Include="GeneratedFiles\ui_UITalkRecord.h">
      <Filter>Generated Files</Filter>
    </ClInclude>
    <ClInclude Include="define.h">
      <Filter>Header Files</Filter>
    </ClInclude>
    <ClInclude Include="member.h">
      <Filter>Header Files</Filter>
    </ClInclude>
    <ClInclude Include="zoom_image.h">
      <Filter>Header Files</Filter>
    </ClInclude>
    <ClInclude Include="GeneratedFiles\ui_UIAudioBar.h">
      <Filter>Generated Files</Filter>
    </ClInclude>
    <ClInclude Include="GeneratedFiles\ui_UITags.h">
      <Filter>Generated Files</Filter>
    </ClInclude>
    <ClInclude Include="resource.h">
      <Filter>Header Files</Filter>
    </ClInclude>
    <ClInclude Include="GeneratedFiles\ui_UIAuxiliarywnd.h">
      <Filter>Generated Files</Filter>
    </ClInclude>
    <ClInclude Include="GeneratedFiles\ui_UIAuxiliarylist.h">
      <Filter>Generated Files</Filter>
    </ClInclude>
    <ClInclude Include="GeneratedFiles\ui_UIAuxiliarytoday.h">
      <Filter>Generated Files</Filter>
    </ClInclude>
    <ClInclude Include="lesson.h">
      <Filter>Header Files</Filter>
    </ClInclude>
    <ClInclude Include="GeneratedFiles\ui_UINoticewnd.h">
      <Filter>Generated Files</Filter>
    </ClInclude>
    <ClInclude Include="GeneratedFiles\ui_UICoursewnd.h">
      <Filter>Generated Files</Filter>
    </ClInclude>
    <ClInclude Include="GeneratedFiles\ui_UIPersonwnd.h">
      <Filter>Generated Files</Filter>
    </ClInclude>
    <ClInclude Include="GeneratedFiles\ui_UILessonlist.h">
      <Filter>Generated Files</Filter>
    </ClInclude>
    <ClInclude Include="GeneratedFiles\ui_UILessonbuddy.h">
      <Filter>Generated Files</Filter>
    </ClInclude>
    <ClInclude Include="GeneratedFiles\ui_UIBoardview.h">
      <Filter>Generated Files</Filter>
    </ClInclude>
    <ClInclude Include="GeneratedFiles\ui_UIMenu.h">
      <Filter>Generated Files</Filter>
    </ClInclude>
    <ClInclude Include="nim_sdk\nim_tools_cpp_sdk\nim_audio_cpp\nim_audio_cpp.h">
      <Filter>nim_audio_cpp</Filter>
    </ClInclude>
    <ClInclude Include="nim_sdk\nim_tools_cpp_sdk\nim_http_cpp\nim_tools_http_cpp.h">
      <Filter>nim_http_cpp</Filter>
    </ClInclude>
    <ClInclude Include="GeneratedFiles\ui_palette.h">
      <Filter>Generated Files</Filter>
    </ClInclude>
    <ClInclude Include="GeneratedFiles\ui_UIAppWnd.h">
      <Filter>Generated Files</Filter>
    </ClInclude>
    <ClInclude Include="GeneratedFiles\ui_UIAppWndTool.h">
      <Filter>Generated Files</Filter>
    </ClInclude>
    <ClInclude Include="GeneratedFiles\ui_UIAudiochange1v1.h">
      <Filter>Generated Files</Filter>
    </ClInclude>
    <ClInclude Include="GeneratedFiles\ui_UIAudioOutchange1v1.h">
      <Filter>Generated Files</Filter>
    </ClInclude>
    <ClInclude Include="GeneratedFiles\ui_UICamera1v1.h">
      <Filter>Generated Files</Filter>
    </ClInclude>
    <ClInclude Include="GeneratedFiles\ui_UICameraS1v1.h">
      <Filter>Generated Files</Filter>
    </ClInclude>
    <ClInclude Include="GeneratedFiles\ui_UIVideo1v1.h">
      <Filter>Generated Files</Filter>
    </ClInclude>
    <ClInclude Include="GeneratedFiles\ui_UIVideochange1v1.h">
      <Filter>Generated Files</Filter>
    </ClInclude>
    <ClInclude Include="GeneratedFiles\ui_UIWhiteBoardTool.h">
      <Filter>Generated Files</Filter>
    </ClInclude>
    <ClInclude Include="GeneratedFiles\ui_colorpicker.h">
      <Filter>Generated Files</Filter>
    </ClInclude>
    <ClInclude Include="GeneratedFiles\ui_ui1v1.h">
      <Filter>Generated Files</Filter>
    </ClInclude>
    <ClInclude Include="GeneratedFiles\ui_UIWindowSet.h">
      <Filter>Generated Files</Filter>
    </ClInclude>
    <ClInclude Include="1v1\nlss_type.h">
      <Filter>Header Files</Filter>
    </ClInclude>
    <ClInclude Include="app_dump.h">
      <Filter>Header Files</Filter>
    </ClInclude>
    <ClInclude Include="GeneratedFiles\ui_UIAboutversion.h">
      <Filter>Generated Files</Filter>
    </ClInclude>
  </ItemGroup>
  <ItemGroup>
    <ResourceCompile Include="qatimeStudent.rc" />
  </ItemGroup>
</Project>