<?xml version="1.0" encoding="utf-8"?>
<Project ToolsVersion="4.0" xmlns="http://schemas.microsoft.com/developer/msbuild/2003">
  <ItemGroup>
    <Filter Include="Source Files">
      <UniqueIdentifier>{4FC737F1-C7A5-4376-A066-2A32D752A2FF}</UniqueIdentifier>
      <Extensions>cpp;cxx;c;def</Extensions>
    </Filter>
    <Filter Include="Header Files">
      <UniqueIdentifier>{93995380-89BD-4b04-88EB-625FBE52EBFB}</UniqueIdentifier>
      <Extensions>h</Extensions>
    </Filter>
    <Filter Include="Form Files">
      <UniqueIdentifier>{99349809-55BA-4b9d-BF79-8FDBB0286EB3}</UniqueIdentifier>
      <Extensions>ui</Extensions>
    </Filter>
    <Filter Include="Resource Files">
      <UniqueIdentifier>{D9D6E242-F8AF-46E4-B9FD-80ECBC20BA3E}</UniqueIdentifier>
      <Extensions>qrc;*</Extensions>
      <ParseFiles>false</ParseFiles>
    </Filter>
    <Filter Include="Generated Files">
      <UniqueIdentifier>{71ED8ED8-ACB9-4CE9-BBE1-E00B30144E11}</UniqueIdentifier>
      <Extensions>moc;h;cpp</Extensions>
      <SourceControlFiles>False</SourceControlFiles>
    </Filter>
    <Filter Include="Generated Files\Debug">
      <UniqueIdentifier>{b50e0c5c-be1f-460e-94df-dd3fecba459c}</UniqueIdentifier>
      <Extensions>cpp;moc</Extensions>
      <SourceControlFiles>False</SourceControlFiles>
    </Filter>
    <Filter Include="Generated Files\Release">
      <UniqueIdentifier>{059160fb-5102-4e49-a7ff-5f22569b63fe}</UniqueIdentifier>
      <Extensions>cpp;moc</Extensions>
      <SourceControlFiles>False</SourceControlFiles>
    </Filter>
    <Filter Include="quazip">
      <UniqueIdentifier>{d0412c99-6f53-405c-ac92-dcb5b82ef591}</UniqueIdentifier>
    </Filter>
  </ItemGroup>
  <ItemGroup>
    <ClCompile Include="main.cpp">
      <Filter>Source Files</Filter>
    </ClCompile>
    <ClCompile Include="qtupdate.cpp">
      <Filter>Source Files</Filter>
    </ClCompile>
    <ClCompile Include="GeneratedFiles\Debug\moc_qtupdate.cpp">
      <Filter>Generated Files\Debug</Filter>
    </ClCompile>
    <ClCompile Include="GeneratedFiles\Release\moc_qtupdate.cpp">
      <Filter>Generated Files\Release</Filter>
    </ClCompile>
    <ClCompile Include="GeneratedFiles\qrc_qtupdate.cpp">
      <Filter>Generated Files</Filter>
    </ClCompile>
    <ClCompile Include="GeneratedFiles\Debug\moc_quagzipfile.cpp">
      <Filter>Generated Files\Debug</Filter>
    </ClCompile>
    <ClCompile Include="GeneratedFiles\Release\moc_quagzipfile.cpp">
      <Filter>Generated Files\Release</Filter>
    </ClCompile>
    <ClCompile Include="GeneratedFiles\Debug\moc_quaziodevice.cpp">
      <Filter>Generated Files\Debug</Filter>
    </ClCompile>
    <ClCompile Include="GeneratedFiles\Release\moc_quaziodevice.cpp">
      <Filter>Generated Files\Release</Filter>
    </ClCompile>
    <ClCompile Include="GeneratedFiles\Debug\moc_quazipfile.cpp">
      <Filter>Generated Files\Debug</Filter>
    </ClCompile>
    <ClCompile Include="GeneratedFiles\Release\moc_quazipfile.cpp">
      <Filter>Generated Files\Release</Filter>
    </ClCompile>
    <ClCompile Include="UIWorkThread.cpp">
      <Filter>Source Files</Filter>
    </ClCompile>
    <ClCompile Include="GeneratedFiles\Debug\moc_UIWorkThread.cpp">
      <Filter>Generated Files\Debug</Filter>
    </ClCompile>
    <ClCompile Include="GeneratedFiles\Release\moc_UIWorkThread.cpp">
      <Filter>Generated Files\Release</Filter>
    </ClCompile>
  </ItemGroup>
  <ItemGroup>
    <CustomBuild Include="qtupdate.h">
      <Filter>Header Files</Filter>
    </CustomBuild>
    <CustomBuild Include="qtupdate.ui">
      <Filter>Form Files</Filter>
    </CustomBuild>
    <CustomBuild Include="qtupdate.qrc">
      <Filter>Resource Files</Filter>
    </CustomBuild>
    <CustomBuild Include="quazip\quagzipfile.h">
      <Filter>quazip</Filter>
    </CustomBuild>
    <CustomBuild Include="quazip\quaziodevice.h">
      <Filter>quazip</Filter>
    </CustomBuild>
    <CustomBuild Include="quazip\quazipfile.h">
      <Filter>quazip</Filter>
    </CustomBuild>
    <CustomBuild Include="UIWorkThread.h">
      <Filter>Header Files</Filter>
    </CustomBuild>
  </ItemGroup>
  <ItemGroup>
    <ClInclude Include="GeneratedFiles\ui_qtupdate.h">
      <Filter>Generated Files</Filter>
    </ClInclude>
    <ClInclude Include="quazip\crypt.h">
      <Filter>quazip</Filter>
    </ClInclude>
    <ClInclude Include="quazip\ioapi.h">
      <Filter>quazip</Filter>
    </ClInclude>
    <ClInclude Include="quazip\JlCompress.h">
      <Filter>quazip</Filter>
    </ClInclude>
    <ClInclude Include="quazip\quaadler32.h">
      <Filter>quazip</Filter>
    </ClInclude>
    <ClInclude Include="quazip\quachecksum32.h">
      <Filter>quazip</Filter>
    </ClInclude>
    <ClInclude Include="quazip\quacrc32.h">
      <Filter>quazip</Filter>
    </ClInclude>
    <ClInclude Include="quazip\quazip.h">
      <Filter>quazip</Filter>
    </ClInclude>
    <ClInclude Include="quazip\quazip_global.h">
      <Filter>quazip</Filter>
    </ClInclude>
    <ClInclude Include="quazip\quazipdir.h">
      <Filter>quazip</Filter>
    </ClInclude>
    <ClInclude Include="quazip\quazipfileinfo.h">
      <Filter>quazip</Filter>
    </ClInclude>
    <ClInclude Include="quazip\quazipnewinfo.h">
      <Filter>quazip</Filter>
    </ClInclude>
    <ClInclude Include="quazip\unzip.h">
      <Filter>quazip</Filter>
    </ClInclude>
    <ClInclude Include="quazip\zconf.h">
      <Filter>quazip</Filter>
    </ClInclude>
    <ClInclude Include="quazip\zip.h">
      <Filter>quazip</Filter>
    </ClInclude>
    <ClInclude Include="quazip\zlib.h">
      <Filter>quazip</Filter>
    </ClInclude>
  </ItemGroup>
  <ItemGroup>
    <Library Include="quazipd.lib">
      <Filter>quazip</Filter>
    </Library>
  </ItemGroup>
</Project>